
Microsoft Visual Studio Solution File, Format Version 12.00
# Visual Studio Version 17
VisualStudioVersion = 17.8.34525.116
MinimumVisualStudioVersion = 10.0.40219.1
Project("{FAE04EC0-301F-11D3-BF4B-00C04F79EFBC}") = "WinFormsApp1", "WinFormsApp1\WinFormsApp1.csproj", "{AB7E2548-D980-4939-9755-4D04482D0E8E}"
EndProject
Global
	GlobalSection(SolutionConfigurationPlatforms) = preSolution
		Debug|Any CPU = Debug|Any CPU
		Release|Any CPU = Release|Any CPU
	EndGlobalSection
	GlobalSection(ProjectConfigurationPlatforms) = postSolution
		{AB7E2548-D980-4939-9755-4D04482D0E8E}.Debug|Any CPU.ActiveCfg = Debug|Any CPU
		{AB7E2548-D980-4939-9755-4D04482D0E8E}.Debug|Any CPU.Build.0 = Debug|Any CPU
		{AB7E2548-D980-4939-9755-4D04482D0E8E}.Release|Any CPU.ActiveCfg = Release|Any CPU
		{AB7E2548-D980-4939-9755-4D04482D0E8E}.Release|Any CPU.Build.0 = Release|Any CPU
	EndGlobalSection
	GlobalSection(SolutionProperties) = preSolution
		HideSolutionNode = FALSE
	EndGlobalSection
	GlobalSection(ExtensibilityGlobals) = postSolution
		SolutionGuid = {C36B2A96-BBAF-4BE1-9EA8-BEA9A8CCA789}
	EndGlobalSection
EndGlobal
